
Microsoft Visual Studio Solution File, Format Version 11.00
# Visual Studio 2010
Project("{FAE04EC0-301F-11D3-BF4B-00C04F79EFBC}") = "DegMac", "Assembly-CSharp.csproj", "{080AE554-3089-1ADB-7419-80A5FC05A7FA}"
EndProject
Project("{FAE04EC0-301F-11D3-BF4B-00C04F79EFBC}") = "DegMac", "Assembly-CSharp-Editor.csproj", "{6D2EFC2C-C7B8-4205-4798-83CAC34AF0D3}"
EndProject
Global
	GlobalSection(SolutionConfigurationPlatforms) = preSolution
		Debug|Any CPU = Debug|Any CPU
		Release|Any CPU = Release|Any CPU
	EndGlobalSection
	GlobalSection(ProjectConfigurationPlatforms) = postSolution
		{080AE554-3089-1ADB-7419-80A5FC05A7FA}.Debug|Any CPU.ActiveCfg = Debug|Any CPU
		{080AE554-3089-1ADB-7419-80A5FC05A7FA}.Debug|Any CPU.Build.0 = Debug|Any CPU
		{080AE554-3089-1ADB-7419-80A5FC05A7FA}.Release|Any CPU.ActiveCfg = Release|Any CPU
		{080AE554-3089-1ADB-7419-80A5FC05A7FA}.Release|Any CPU.Build.0 = Release|Any CPU
		{6D2EFC2C-C7B8-4205-4798-83CAC34AF0D3}.Debug|Any CPU.ActiveCfg = Debug|Any CPU
		{6D2EFC2C-C7B8-4205-4798-83CAC34AF0D3}.Debug|Any CPU.Build.0 = Debug|Any CPU
		{6D2EFC2C-C7B8-4205-4798-83CAC34AF0D3}.Release|Any CPU.ActiveCfg = Release|Any CPU
		{6D2EFC2C-C7B8-4205-4798-83CAC34AF0D3}.Release|Any CPU.Build.0 = Release|Any CPU
	EndGlobalSection
	GlobalSection(SolutionProperties) = preSolution
		HideSolutionNode = FALSE
	EndGlobalSection
	GlobalSection(MonoDevelopProperties) = preSolution
		StartupItem = Assembly-CSharp.csproj
	EndGlobalSection
EndGlobal
